// !$*UTF8*$!
{
	archiveVersion = 1;
	classes = {
	};
	objectVersion = 51;
	objects = {

/* Begin PBXBuildFile section */
		08A18B4F9F84D946862E29B4 /* Pods_JeopardyTrainerRetake.framework in Frameworks */ = {isa = PBXBuildFile; fileRef = 40F573DE46AA2AC5DF229603 /* Pods_JeopardyTrainerRetake.framework */; };
		8D95B98223A4873900EBC6BA /* AppDelegate.swift in Sources */ = {isa = PBXBuildFile; fileRef = 8D95B98123A4873900EBC6BA /* AppDelegate.swift */; };
		8D95B98423A4873900EBC6BA /* ViewController.swift in Sources */ = {isa = PBXBuildFile; fileRef = 8D95B98323A4873900EBC6BA /* ViewController.swift */; };
		8D95B98723A4873900EBC6BA /* Main.storyboard in Resources */ = {isa = PBXBuildFile; fileRef = 8D95B98523A4873900EBC6BA /* Main.storyboard */; };
		8D95B98923A4873B00EBC6BA /* Assets.xcassets in Resources */ = {isa = PBXBuildFile; fileRef = 8D95B98823A4873B00EBC6BA /* Assets.xcassets */; };
		8D95B98C23A4873B00EBC6BA /* LaunchScreen.storyboard in Resources */ = {isa = PBXBuildFile; fileRef = 8D95B98A23A4873B00EBC6BA /* LaunchScreen.storyboard */; };
		8D9ADE1A23A4893400E98803 /* Category.swift in Sources */ = {isa = PBXBuildFile; fileRef = 8D9ADE1923A4893400E98803 /* Category.swift */; };
		8D9ADE1C23A4899500E98803 /* Categories.swift in Sources */ = {isa = PBXBuildFile; fileRef = 8D9ADE1B23A4899500E98803 /* Categories.swift */; };
		8D9ADE1E23A48EC000E98803 /* Clue.swift in Sources */ = {isa = PBXBuildFile; fileRef = 8D9ADE1D23A48EC000E98803 /* Clue.swift */; };
		8D9ADE2023A48EDF00E98803 /* Clues.swift in Sources */ = {isa = PBXBuildFile; fileRef = 8D9ADE1F23A48EDF00E98803 /* Clues.swift */; };
		8D9ADE2223A4938A00E98803 /* QuestionsViewController.swift in Sources */ = {isa = PBXBuildFile; fileRef = 8D9ADE2123A4938A00E98803 /* QuestionsViewController.swift */; };
		8D9ADE2423A559A800E98803 /* SplashScreenViewController.swift in Sources */ = {isa = PBXBuildFile; fileRef = 8D9ADE2323A559A800E98803 /* SplashScreenViewController.swift */; };
/* End PBXBuildFile section */

/* Begin PBXFileReference section */
		40F573DE46AA2AC5DF229603 /* Pods_JeopardyTrainerRetake.framework */ = {isa = PBXFileReference; explicitFileType = wrapper.framework; includeInIndex = 0; path = Pods_JeopardyTrainerRetake.framework; sourceTree = BUILT_PRODUCTS_DIR; };
		85CFAFF47A5E47FCDAF32652 /* Pods-JeopardyTrainerRetake.release.xcconfig */ = {isa = PBXFileReference; includeInIndex = 1; lastKnownFileType = text.xcconfig; name = "Pods-JeopardyTrainerRetake.release.xcconfig"; path = "Target Support Files/Pods-JeopardyTrainerRetake/Pods-JeopardyTrainerRetake.release.xcconfig"; sourceTree = "<group>"; };
		8D95B97E23A4873900EBC6BA /* JeopardyTrainerRetake.app */ = {isa = PBXFileReference; explicitFileType = wrapper.application; includeInIndex = 0; path = JeopardyTrainerRetake.app; sourceTree = BUILT_PRODUCTS_DIR; };
		8D95B98123A4873900EBC6BA /* AppDelegate.swift */ = {isa = PBXFileReference; lastKnownFileType = sourcecode.swift; path = AppDelegate.swift; sourceTree = "<group>"; };
		8D95B98323A4873900EBC6BA /* ViewController.swift */ = {isa = PBXFileReference; lastKnownFileType = sourcecode.swift; path = ViewController.swift; sourceTree = "<group>"; };
		8D95B98623A4873900EBC6BA /* Base */ = {isa = PBXFileReference; lastKnownFileType = file.storyboard; name = Base; path = Base.lproj/Main.storyboard; sourceTree = "<group>"; };
		8D95B98823A4873B00EBC6BA /* Assets.xcassets */ = {isa = PBXFileReference; lastKnownFileType = folder.assetcatalog; path = Assets.xcassets; sourceTree = "<group>"; };
		8D95B98B23A4873B00EBC6BA /* Base */ = {isa = PBXFileReference; lastKnownFileType = file.storyboard; name = Base; path = Base.lproj/LaunchScreen.storyboard; sourceTree = "<group>"; };
		8D95B98D23A4873B00EBC6BA /* Info.plist */ = {isa = PBXFileReference; lastKnownFileType = text.plist.xml; path = Info.plist; sourceTree = "<group>"; };
		8D9ADE1923A4893400E98803 /* Category.swift */ = {isa = PBXFileReference; lastKnownFileType = sourcecode.swift; path = Category.swift; sourceTree = "<group>"; };
		8D9ADE1B23A4899500E98803 /* Categories.swift */ = {isa = PBXFileReference; lastKnownFileType = sourcecode.swift; path = Categories.swift; sourceTree = "<group>"; };
		8D9ADE1D23A48EC000E98803 /* Clue.swift */ = {isa = PBXFileReference; lastKnownFileType = sourcecode.swift; path = Clue.swift; sourceTree = "<group>"; };
		8D9ADE1F23A48EDF00E98803 /* Clues.swift */ = {isa = PBXFileReference; lastKnownFileType = sourcecode.swift; path = Clues.swift; sourceTree = "<group>"; };
		8D9ADE2123A4938A00E98803 /* QuestionsViewController.swift */ = {isa = PBXFileReference; lastKnownFileType = sourcecode.swift; path = QuestionsViewController.swift; sourceTree = "<group>"; };
		8D9ADE2323A559A800E98803 /* SplashScreenViewController.swift */ = {isa = PBXFileReference; lastKnownFileType = sourcecode.swift; path = SplashScreenViewController.swift; sourceTree = "<group>"; };
		D3B9CDBDCF5E865013CC72A7 /* Pods-JeopardyTrainerRetake.debug.xcconfig */ = {isa = PBXFileReference; includeInIndex = 1; lastKnownFileType = text.xcconfig; name = "Pods-JeopardyTrainerRetake.debug.xcconfig"; path = "Target Support Files/Pods-JeopardyTrainerRetake/Pods-JeopardyTrainerRetake.debug.xcconfig"; sourceTree = "<group>"; };
/* End PBXFileReference section */

/* Begin PBXFrameworksBuildPhase section */
		8D95B97B23A4873900EBC6BA /* Frameworks */ = {
			isa = PBXFrameworksBuildPhase;
			buildActionMask = 2147483647;
			files = (
				08A18B4F9F84D946862E29B4 /* Pods_JeopardyTrainerRetake.framework in Frameworks */,
			);
			runOnlyForDeploymentPostprocessing = 0;
		};
/* End PBXFrameworksBuildPhase section */

/* Begin PBXGroup section */
		116557134EC666A79E2EC3D9 /* Frameworks */ = {
			isa = PBXGroup;
			children = (
				40F573DE46AA2AC5DF229603 /* Pods_JeopardyTrainerRetake.framework */,
			);
			name = Frameworks;
			sourceTree = "<group>";
		};
		8D95B97523A4873900EBC6BA = {
			isa = PBXGroup;
			children = (
				8D95B98023A4873900EBC6BA /* JeopardyTrainerRetake */,
				8D95B97F23A4873900EBC6BA /* Products */,
				D5BA5A39A7DCB698EC1AD3D7 /* Pods */,
				116557134EC666A79E2EC3D9 /* Frameworks */,
			);
			sourceTree = "<group>";
		};
		8D95B97F23A4873900EBC6BA /* Products */ = {
			isa = PBXGroup;
			children = (
				8D95B97E23A4873900EBC6BA /* JeopardyTrainerRetake.app */,
			);
			name = Products;
			sourceTree = "<group>";
		};
		8D95B98023A4873900EBC6BA /* JeopardyTrainerRetake */ = {
			isa = PBXGroup;
			children = (
				8D95B98123A4873900EBC6BA /* AppDelegate.swift */,
				8D9ADE2323A559A800E98803 /* SplashScreenViewController.swift */,
				8D95B98323A4873900EBC6BA /* ViewController.swift */,
				8D9ADE2123A4938A00E98803 /* QuestionsViewController.swift */,
				8D95B98523A4873900EBC6BA /* Main.storyboard */,
				8D9ADE1923A4893400E98803 /* Category.swift */,
				8D9ADE1B23A4899500E98803 /* Categories.swift */,
				8D9ADE1D23A48EC000E98803 /* Clue.swift */,
				8D9ADE1F23A48EDF00E98803 /* Clues.swift */,
				8D95B98823A4873B00EBC6BA /* Assets.xcassets */,
				8D95B98A23A4873B00EBC6BA /* LaunchScreen.storyboard */,
				8D95B98D23A4873B00EBC6BA /* Info.plist */,
			);
			path = JeopardyTrainerRetake;
			sourceTree = "<group>";
		};
		D5BA5A39A7DCB698EC1AD3D7 /* Pods */ = {
			isa = PBXGroup;
			children = (
				D3B9CDBDCF5E865013CC72A7 /* Pods-JeopardyTrainerRetake.debug.xcconfig */,
				85CFAFF47A5E47FCDAF32652 /* Pods-JeopardyTrainerRetake.release.xcconfig */,
			);
			path = Pods;
			sourceTree = "<group>";
		};
/* End PBXGroup section */

/* Begin PBXNativeTarget section */
		8D95B97D23A4873900EBC6BA /* JeopardyTrainerRetake */ = {
			isa = PBXNativeTarget;
			buildConfigurationList = 8D95B99023A4873B00EBC6BA /* Build configuration list for PBXNativeTarget "JeopardyTrainerRetake" */;
			buildPhases = (
				7BF8CB9679411B97F4D7985D /* [CP] Check Pods Manifest.lock */,
				8D95B97A23A4873900EBC6BA /* Sources */,
				8D95B97B23A4873900EBC6BA /* Frameworks */,
				8D95B97C23A4873900EBC6BA /* Resources */,
				2873FD095A1FB77A4DBF8A0C /* [CP] Embed Pods Frameworks */,
			);
			buildRules = (
			);
			dependencies = (
			);
			name = JeopardyTrainerRetake;
			productName = JeopardyTrainerRetake;
			productReference = 8D95B97E23A4873900EBC6BA /* JeopardyTrainerRetake.app */;
			productType = "com.apple.product-type.application";
		};
/* End PBXNativeTarget section */

/* Begin PBXProject section */
		8D95B97623A4873900EBC6BA /* Project object */ = {
			isa = PBXProject;
			attributes = {
				LastSwiftUpdateCheck = 1030;
				LastUpgradeCheck = 1030;
				ORGANIZATIONNAME = "Richard Jove";
				TargetAttributes = {
					8D95B97D23A4873900EBC6BA = {
						CreatedOnToolsVersion = 10.3;
					};
				};
			};
			buildConfigurationList = 8D95B97923A4873900EBC6BA /* Build configuration list for PBXProject "JeopardyTrainerRetake" */;
			compatibilityVersion = "Xcode 9.3";
			developmentRegion = en;
			hasScannedForEncodings = 0;
			knownRegions = (
				en,
				Base,
			);
			mainGroup = 8D95B97523A4873900EBC6BA;
			productRefGroup = 8D95B97F23A4873900EBC6BA /* Products */;
			projectDirPath = "";
			projectRoot = "";
			targets = (
				8D95B97D23A4873900EBC6BA /* JeopardyTrainerRetake */,
			);
		};
/* End PBXProject section */

/* Begin PBXResourcesBuildPhase section */
		8D95B97C23A4873900EBC6BA /* Resources */ = {
			isa = PBXResourcesBuildPhase;
			buildActionMask = 2147483647;
			files = (
				8D95B98C23A4873B00EBC6BA /* LaunchScreen.storyboard in Resources */,
				8D95B98923A4873B00EBC6BA /* Assets.xcassets in Resources */,
				8D95B98723A4873900EBC6BA /* Main.storyboard in Resources */,
			);
			runOnlyForDeploymentPostprocessing = 0;
		};
/* End PBXResourcesBuildPhase section */

/* Begin PBXShellScriptBuildPhase section */
		2873FD095A1FB77A4DBF8A0C /* [CP] Embed Pods Frameworks */ = {
			isa = PBXShellScriptBuildPhase;
			buildActionMask = 2147483647;
			files = (
			);
			inputFileListPaths = (
				"${PODS_ROOT}/Target Support Files/Pods-JeopardyTrainerRetake/Pods-JeopardyTrainerRetake-frameworks-${CONFIGURATION}-input-files.xcfilelist",
			);
			name = "[CP] Embed Pods Frameworks";
			outputFileListPaths = (
				"${PODS_ROOT}/Target Support Files/Pods-JeopardyTrainerRetake/Pods-JeopardyTrainerRetake-frameworks-${CONFIGURATION}-output-files.xcfilelist",
			);
			runOnlyForDeploymentPostprocessing = 0;
			shellPath = /bin/sh;
			shellScript = "\"${PODS_ROOT}/Target Support Files/Pods-JeopardyTrainerRetake/Pods-JeopardyTrainerRetake-frameworks.sh\"\n";
			showEnvVarsInLog = 0;
		};
		7BF8CB9679411B97F4D7985D /* [CP] Check Pods Manifest.lock */ = {
			isa = PBXShellScriptBuildPhase;
			buildActionMask = 2147483647;
			files = (
			);
			inputFileListPaths = (
			);
			inputPaths = (
				"${PODS_PODFILE_DIR_PATH}/Podfile.lock",
				"${PODS_ROOT}/Manifest.lock",
			);
			name = "[CP] Check Pods Manifest.lock";
			outputFileListPaths = (
			);
			outputPaths = (
				"$(DERIVED_FILE_DIR)/Pods-JeopardyTrainerRetake-checkManifestLockResult.txt",
			);
			runOnlyForDeploymentPostprocessing = 0;
			shellPath = /bin/sh;
			shellScript = "diff \"${PODS_PODFILE_DIR_PATH}/Podfile.lock\" \"${PODS_ROOT}/Manifest.lock\" > /dev/null\nif [ $? != 0 ] ; then\n    # print error to STDERR\n    echo \"error: The sandbox is not in sync with the Podfile.lock. Run 'pod install' or update your CocoaPods installation.\" >&2\n    exit 1\nfi\n# This output is used by Xcode 'outputs' to avoid re-running this script phase.\necho \"SUCCESS\" > \"${SCRIPT_OUTPUT_FILE_0}\"\n";
			showEnvVarsInLog = 0;
		};
/* End PBXShellScriptBuildPhase section */

/* Begin PBXSourcesBuildPhase section */
		8D95B97A23A4873900EBC6BA /* Sources */ = {
			isa = PBXSourcesBuildPhase;
			buildActionMask = 2147483647;
			files = (
				8D95B98423A4873900EBC6BA /* ViewController.swift in Sources */,
				8D9ADE2223A4938A00E98803 /* QuestionsViewController.swift in Sources */,
				8D9ADE2423A559A800E98803 /* SplashScreenViewController.swift in Sources */,
				8D9ADE1C23A4899500E98803 /* Categories.swift in Sources */,
				8D9ADE2023A48EDF00E98803 /* Clues.swift in Sources */,
				8D9ADE1E23A48EC000E98803 /* Clue.swift in Sources */,
				8D95B98223A4873900EBC6BA /* AppDelegate.swift in Sources */,
				8D9ADE1A23A4893400E98803 /* Category.swift in Sources */,
			);
			runOnlyForDeploymentPostprocessing = 0;
		};
/* End PBXSourcesBuildPhase section */

/* Begin PBXVariantGroup section */
		8D95B98523A4873900EBC6BA /* Main.storyboard */ = {
			isa = PBXVariantGroup;
			children = (
				8D95B98623A4873900EBC6BA /* Base */,
			);
			name = Main.storyboard;
			sourceTree = "<group>";
		};
		8D95B98A23A4873B00EBC6BA /* LaunchScreen.storyboard */ = {
			isa = PBXVariantGroup;
			children = (
				8D95B98B23A4873B00EBC6BA /* Base */,
			);
			name = LaunchScreen.storyboard;
			sourceTree = "<group>";
		};
/* End PBXVariantGroup section */

/* Begin XCBuildConfiguration section */
		8D95B98E23A4873B00EBC6BA /* Debug */ = {
			isa = XCBuildConfiguration;
			buildSettings = {
				ALWAYS_SEARCH_USER_PATHS = NO;
				CLANG_ANALYZER_NONNULL = YES;
				CLANG_ANALYZER_NUMBER_OBJECT_CONVERSION = YES_AGGRESSIVE;
				CLANG_CXX_LANGUAGE_STANDARD = "gnu++14";
				CLANG_CXX_LIBRARY = "libc++";
				CLANG_ENABLE_MODULES = YES;
				CLANG_ENABLE_OBJC_ARC = YES;
				CLANG_ENABLE_OBJC_WEAK = YES;
				CLANG_WARN_BLOCK_CAPTURE_AUTORELEASING = YES;
				CLANG_WARN_BOOL_CONVERSION = YES;
				CLANG_WARN_COMMA = YES;
				CLANG_WARN_CONSTANT_CONVERSION = YES;
				CLANG_WARN_DEPRECATED_OBJC_IMPLEMENTATIONS = YES;
				CLANG_WARN_DIRECT_OBJC_ISA_USAGE = YES_ERROR;
				CLANG_WARN_DOCUMENTATION_COMMENTS = YES;
				CLANG_WARN_EMPTY_BODY = YES;
				CLANG_WARN_ENUM_CONVERSION = YES;
				CLANG_WARN_INFINITE_RECURSION = YES;
				CLANG_WARN_INT_CONVERSION = YES;
				CLANG_WARN_NON_LITERAL_NULL_CONVERSION = YES;
				CLANG_WARN_OBJC_IMPLICIT_RETAIN_SELF = YES;
				CLANG_WARN_OBJC_LITERAL_CONVERSION = YES;
				CLANG_WARN_OBJC_ROOT_CLASS = YES_ERROR;
				CLANG_WARN_RANGE_LOOP_ANALYSIS = YES;
				CLANG_WARN_STRICT_PROTOTYPES = YES;
				CLANG_WARN_SUSPICIOUS_MOVE = YES;
				CLANG_WARN_UNGUARDED_AVAILABILITY = YES_AGGRESSIVE;
				CLANG_WARN_UNREACHABLE_CODE = YES;
				CLANG_WARN__DUPLICATE_METHOD_MATCH = YES;
				CODE_SIGN_IDENTITY = "iPhone Developer";
				COPY_PHASE_STRIP = NO;
				DEBUG_INFORMATION_FORMAT = dwarf;
				ENABLE_STRICT_OBJC_MSGSEND = YES;
				ENABLE_TESTABILITY = YES;
				GCC_C_LANGUAGE_STANDARD = gnu11;
				GCC_DYNAMIC_NO_PIC = NO;
				GCC_NO_COMMON_BLOCKS = YES;
				GCC_OPTIMIZATION_LEVEL = 0;
				GCC_PREPROCESSOR_DEFINITIONS = (
					"DEBUG=1",
					"$(inherited)",
				);
				GCC_WARN_64_TO_32_BIT_CONVERSION = YES;
				GCC_WARN_ABOUT_RETURN_TYPE = YES_ERROR;
				GCC_WARN_UNDECLARED_SELECTOR = YES;
				GCC_WARN_UNINITIALIZED_AUTOS = YES_AGGRESSIVE;
				GCC_WARN_UNUSED_FUNCTION = YES;
				GCC_WARN_UNUSED_VARIABLE = YES;
				IPHONEOS_DEPLOYMENT_TARGET = 12.4;
				MTL_ENABLE_DEBUG_INFO = INCLUDE_SOURCE;
				MTL_FAST_MATH = YES;
				ONLY_ACTIVE_ARCH = YES;
				SDKROOT = iphoneos;
				SWIFT_ACTIVE_COMPILATION_CONDITIONS = DEBUG;
				SWIFT_OPTIMIZATION_LEVEL = "-Onone";
			};
			name = Debug;
		};
		8D95B98F23A4873B00EBC6BA /* Release */ = {
			isa = XCBuildConfiguration;
			buildSettings = {
				ALWAYS_SEARCH_USER_PATHS = NO;
				CLANG_ANALYZER_NONNULL = YES;
				CLANG_ANALYZER_NUMBER_OBJECT_CONVERSION = YES_AGGRESSIVE;
				CLANG_CXX_LANGUAGE_STANDARD = "gnu++14";
				CLANG_CXX_LIBRARY = "libc++";
				CLANG_ENABLE_MODULES = YES;
				CLANG_ENABLE_OBJC_ARC = YES;
				CLANG_ENABLE_OBJC_WEAK = YES;
				CLANG_WARN_BLOCK_CAPTURE_AUTORELEASING = YES;
				CLANG_WARN_BOOL_CONVERSION = YES;
				CLANG_WARN_COMMA = YES;
				CLANG_WARN_CONSTANT_CONVERSION = YES;
				CLANG_WARN_DEPRECATED_OBJC_IMPLEMENTATIONS = YES;
				CLANG_WARN_DIRECT_OBJC_ISA_USAGE = YES_ERROR;
				CLANG_WARN_DOCUMENTATION_COMMENTS = YES;
				CLANG_WARN_EMPTY_BODY = YES;
				CLANG_WARN_ENUM_CONVERSION = YES;
				CLANG_WARN_INFINITE_RECURSION = YES;
				CLANG_WARN_INT_CONVERSION = YES;
				CLANG_WARN_NON_LITERAL_NULL_CONVERSION = YES;
				CLANG_WARN_OBJC_IMPLICIT_RETAIN_SELF = YES;
				CLANG_WARN_OBJC_LITERAL_CONVERSION = YES;
				CLANG_WARN_OBJC_ROOT_CLASS = YES_ERROR;
				CLANG_WARN_RANGE_LOOP_ANALYSIS = YES;
				CLANG_WARN_STRICT_PROTOTYPES = YES;
				CLANG_WARN_SUSPICIOUS_MOVE = YES;
				CLANG_WARN_UNGUARDED_AVAILABILITY = YES_AGGRESSIVE;
				CLANG_WARN_UNREACHABLE_CODE = YES;
				CLANG_WARN__DUPLICATE_METHOD_MATCH = YES;
				CODE_SIGN_IDENTITY = "iPhone Developer";
				COPY_PHASE_STRIP = NO;
				DEBUG_INFORMATION_FORMAT = "dwarf-with-dsym";
				ENABLE_NS_ASSERTIONS = NO;
				ENABLE_STRICT_OBJC_MSGSEND = YES;
				GCC_C_LANGUAGE_STANDARD = gnu11;
				GCC_NO_COMMON_BLOCKS = YES;
				GCC_WARN_64_TO_32_BIT_CONVERSION = YES;
				GCC_WARN_ABOUT_RETURN_TYPE = YES_ERROR;
				GCC_WARN_UNDECLARED_SELECTOR = YES;
				GCC_WARN_UNINITIALIZED_AUTOS = YES_AGGRESSIVE;
				GCC_WARN_UNUSED_FUNCTION = YES;
				GCC_WARN_UNUSED_VARIABLE = YES;
				IPHONEOS_DEPLOYMENT_TARGET = 12.4;
				MTL_ENABLE_DEBUG_INFO = NO;
				MTL_FAST_MATH = YES;
				SDKROOT = iphoneos;
				SWIFT_COMPILATION_MODE = wholemodule;
				SWIFT_OPTIMIZATION_LEVEL = "-O";
				VALIDATE_PRODUCT = YES;
			};
			name = Release;
		};
		8D95B99123A4873B00EBC6BA /* Debug */ = {
			isa = XCBuildConfiguration;
			baseConfigurationReference = D3B9CDBDCF5E865013CC72A7 /* Pods-JeopardyTrainerRetake.debug.xcconfig */;
			buildSettings = {
				ASSETCATALOG_COMPILER_APPICON_NAME = AppIcon;
				CODE_SIGN_STYLE = Automatic;
				DEVELOPMENT_TEAM = L5584U62HS;
				INFOPLIST_FILE = JeopardyTrainerRetake/Info.plist;
				LD_RUNPATH_SEARCH_PATHS = (
					"$(inherited)",
					"@executable_path/Frameworks",
				);
				PRODUCT_BUNDLE_IDENTIFIER = com.jove.JeopardyTrainerRetake;
				PRODUCT_NAME = "$(TARGET_NAME)";
				SWIFT_VERSION = 5.0;
				TARGETED_DEVICE_FAMILY = "1,2";
			};
			name = Debug;
		};
		8D95B99223A4873B00EBC6BA /* Release */ = {
			isa = XCBuildConfiguration;
			baseConfigurationReference = 85CFAFF47A5E47FCDAF32652 /* Pods-JeopardyTrainerRetake.release.xcconfig */;
			buildSettings = {
				ASSETCATALOG_COMPILER_APPICON_NAME = AppIcon;
				CODE_SIGN_STYLE = Automatic;
				DEVELOPMENT_TEAM = L5584U62HS;
				INFOPLIST_FILE = JeopardyTrainerRetake/Info.plist;
				LD_RUNPATH_SEARCH_PATHS = (
					"$(inherited)",
					"@executable_path/Frameworks",
				);
				PRODUCT_BUNDLE_IDENTIFIER = com.jove.JeopardyTrainerRetake;
				PRODUCT_NAME = "$(TARGET_NAME)";
				SWIFT_VERSION = 5.0;
				TARGETED_DEVICE_FAMILY = "1,2";
			};
			name = Release;
		};
/* End XCBuildConfiguration section */

/* Begin XCConfigurationList section */
		8D95B97923A4873900EBC6BA /* Build configuration list for PBXProject "JeopardyTrainerRetake" */ = {
			isa = XCConfigurationList;
			buildConfigurations = (
				8D95B98E23A4873B00EBC6BA /* Debug */,
				8D95B98F23A4873B00EBC6BA /* Release */,
			);
			defaultConfigurationIsVisible = 0;
			defaultConfigurationName = Release;
		};
		8D95B99023A4873B00EBC6BA /* Build configuration list for PBXNativeTarget "JeopardyTrainerRetake" */ = {
			isa = XCConfigurationList;
			buildConfigurations = (
				8D95B99123A4873B00EBC6BA /* Debug */,
				8D95B99223A4873B00EBC6BA /* Release */,
			);
			defaultConfigurationIsVisible = 0;
			defaultConfigurationName = Release;
		};
/* End XCConfigurationList section */
	};
	rootObject = 8D95B97623A4873900EBC6BA /* Project object */;
}
